
Microsoft Visual Studio Solution File, Format Version 12.00
# Visual Studio Version 16
VisualStudioVersion = 16.0.30907.101
MinimumVisualStudioVersion = 10.0.40219.1
Project("{9A19103F-16F7-4668-BE54-9A1E7A4F7556}") = "OnlineStore", "OnlineStore.csproj", "{B0004C0E-0933-4D0A-B337-7449255B876B}"
EndProject
Project("{FAE04EC0-301F-11D3-BF4B-00C04F79EFBC}") = "RDLCReports", "..\RDLCReports\RDLCReports.csproj", "{86C6B889-B25A-4829-9FCD-59B514027895}"
EndProject
Global
	GlobalSection(SolutionConfigurationPlatforms) = preSolution
		Debug|Any CPU = Debug|Any CPU
		Release|Any CPU = Release|Any CPU
	EndGlobalSection
	GlobalSection(ProjectConfigurationPlatforms) = postSolution
		{B0004C0E-0933-4D0A-B337-7449255B876B}.Debug|Any CPU.ActiveCfg = Debug|Any CPU
		{B0004C0E-0933-4D0A-B337-7449255B876B}.Debug|Any CPU.Build.0 = Debug|Any CPU
		{B0004C0E-0933-4D0A-B337-7449255B876B}.Release|Any CPU.ActiveCfg = Release|Any CPU
		{B0004C0E-0933-4D0A-B337-7449255B876B}.Release|Any CPU.Build.0 = Release|Any CPU
		{86C6B889-B25A-4829-9FCD-59B514027895}.Debug|Any CPU.ActiveCfg = Debug|Any CPU
		{86C6B889-B25A-4829-9FCD-59B514027895}.Debug|Any CPU.Build.0 = Debug|Any CPU
		{86C6B889-B25A-4829-9FCD-59B514027895}.Release|Any CPU.ActiveCfg = Release|Any CPU
		{86C6B889-B25A-4829-9FCD-59B514027895}.Release|Any CPU.Build.0 = Release|Any CPU
	EndGlobalSection
	GlobalSection(SolutionProperties) = preSolution
		HideSolutionNode = FALSE
	EndGlobalSection
	GlobalSection(ExtensibilityGlobals) = postSolution
		SolutionGuid = {E524DEE1-886C-45A7-BA53-3CC8CBFC4E73}
	EndGlobalSection
EndGlobal
